schema: '2.0'
stages:
  prepare:
    cmd: python src/prepare.py data/raw data/prepared
    deps:
    - path: data/raw
      hash: md5
      md5: b38f288f0413acee63b6c52b741ff286.dir
      size: 2903469944
      nfiles: 10021
    - path: src/prepare.py
      hash: md5
      md5: 80ba61c05593a87c713d6e31d28b10dd
      size: 1909
    outs:
    - path: data/prepared
      hash: md5
      md5: 195faed1355672ca578eab5192c80466.dir
      size: 10017516
      nfiles: 3
  train:
    cmd: python src/train.py --prepared data/prepared
    deps:
    - path: data/prepared
      hash: md5
      md5: 195faed1355672ca578eab5192c80466.dir
      size: 10017516
      nfiles: 3
    - path: src/models
      hash: md5
      md5: 06bb3da9d5fc1cda8011c0d45c6a3ef2.dir
      size: 81987
      nfiles: 21
    - path: src/train.py
      hash: md5
      md5: 376c70ae259a3f5044ded21f56446e20
      size: 5919
    outs:
    - path: mlruns
      hash: md5
      md5: 389366fec359de995f687a5ae937c121.dir
      size: 833557
      nfiles: 8
